# THIS IS AN AUTOGENERATED FILE. DO NOT EDIT THIS FILE DIRECTLY.
# yarn lockfile v1


lightgallery@^2.7.2:
  version "2.7.2"
  resolved "https://registry.yarnpkg.com/lightgallery/-/lightgallery-2.7.2.tgz#9309216986fbce60602b851e1ef80cf40769c3d3"
  integrity sha512-Ewdcg9UPDqV0HGZeD7wNE4uYejwH2u0fMo5VAr6GHzlPYlhItJvjhLTR0cL0V1HjhMsH39PAom9iv69ewitLWw==
